// !$*UTF8*$!
{
	archiveVersion = 1;
	classes = {
	};
	objectVersion = 55;
	objects = {

/* Begin PBXBuildFile section */
		0F9415C88D51F1BC72149B02 /* Pods_MovieApi_MovieApiUITests.framework in Frameworks */ = {isa = PBXBuildFile; fileRef = 8EDBCCDB712A440898EF539A /* Pods_MovieApi_MovieApiUITests.framework */; };
		2ED060D5398D84C868B20B73 /* Pods_MovieApiTests.framework in Frameworks */ = {isa = PBXBuildFile; fileRef = 927CB3EDCB3A299CD1BB8FB5 /* Pods_MovieApiTests.framework */; };
		3A67DA75D62A9071718EA456 /* Pods_MovieApi.framework in Frameworks */ = {isa = PBXBuildFile; fileRef = 58667B388BC72CB2CA56272A /* Pods_MovieApi.framework */; };
		CC33261D276F550C0057202C /* MovieFeed.swift in Sources */ = {isa = PBXBuildFile; fileRef = CC33261C276F550C0057202C /* MovieFeed.swift */; };
		CC3326AC277066B90057202C /* MovieCollectionViewCell.swift in Sources */ = {isa = PBXBuildFile; fileRef = CC3326AB277066B90057202C /* MovieCollectionViewCell.swift */; };
		CC3326AF277075E80057202C /* FilmViewController.swift in Sources */ = {isa = PBXBuildFile; fileRef = CC3326AE277075E80057202C /* FilmViewController.swift */; };
		CC3326B1277076530057202C /* FilmDelegate.swift in Sources */ = {isa = PBXBuildFile; fileRef = CC3326B0277076530057202C /* FilmDelegate.swift */; };
		CC4B1C50276F47EA008415DB /* AppDelegate.swift in Sources */ = {isa = PBXBuildFile; fileRef = CC4B1C4F276F47EA008415DB /* AppDelegate.swift */; };
		CC4B1C52276F47EA008415DB /* SceneDelegate.swift in Sources */ = {isa = PBXBuildFile; fileRef = CC4B1C51276F47EA008415DB /* SceneDelegate.swift */; };
		CC4B1C54276F47EA008415DB /* ViewController.swift in Sources */ = {isa = PBXBuildFile; fileRef = CC4B1C53276F47EA008415DB /* ViewController.swift */; };
		CC4B1C57276F47EA008415DB /* Main.storyboard in Resources */ = {isa = PBXBuildFile; fileRef = CC4B1C55276F47EA008415DB /* Main.storyboard */; };
		CC4B1C5A276F47EA008415DB /* MovieApi.xcdatamodeld in Sources */ = {isa = PBXBuildFile; fileRef = CC4B1C58276F47EA008415DB /* MovieApi.xcdatamodeld */; };
		CC4B1C5C276F47ED008415DB /* Assets.xcassets in Resources */ = {isa = PBXBuildFile; fileRef = CC4B1C5B276F47ED008415DB /* Assets.xcassets */; };
		CC4B1C5F276F47ED008415DB /* LaunchScreen.storyboard in Resources */ = {isa = PBXBuildFile; fileRef = CC4B1C5D276F47ED008415DB /* LaunchScreen.storyboard */; };
		CC4B1C6A276F47ED008415DB /* MovieApiTests.swift in Sources */ = {isa = PBXBuildFile; fileRef = CC4B1C69276F47ED008415DB /* MovieApiTests.swift */; };
		CC4B1C74276F47ED008415DB /* MovieApiUITests.swift in Sources */ = {isa = PBXBuildFile; fileRef = CC4B1C73276F47ED008415DB /* MovieApiUITests.swift */; };
		CC4B1C76276F47ED008415DB /* MovieApiUITestsLaunchTests.swift in Sources */ = {isa = PBXBuildFile; fileRef = CC4B1C75276F47ED008415DB /* MovieApiUITestsLaunchTests.swift */; };
/* End PBXBuildFile section */

/* Begin PBXContainerItemProxy section */
		CC4B1C66276F47ED008415DB /* PBXContainerItemProxy */ = {
			isa = PBXContainerItemProxy;
			containerPortal = CC4B1C44276F47EA008415DB /* Project object */;
			proxyType = 1;
			remoteGlobalIDString = CC4B1C4B276F47EA008415DB;
			remoteInfo = MovieApi;
		};
		CC4B1C70276F47ED008415DB /* PBXContainerItemProxy */ = {
			isa = PBXContainerItemProxy;
			containerPortal = CC4B1C44276F47EA008415DB /* Project object */;
			proxyType = 1;
			remoteGlobalIDString = CC4B1C4B276F47EA008415DB;
			remoteInfo = MovieApi;
		};
/* End PBXContainerItemProxy section */

/* Begin PBXFileReference section */
		1ED415023CDB60F44EB6BD87 /* Pods-MovieApi.debug.xcconfig */ = {isa = PBXFileReference; includeInIndex = 1; lastKnownFileType = text.xcconfig; name = "Pods-MovieApi.debug.xcconfig"; path = "Target Support Files/Pods-MovieApi/Pods-MovieApi.debug.xcconfig"; sourceTree = "<group>"; };
		42071F4AB5CA086DFFB966AD /* Pods-MovieApi.release.xcconfig */ = {isa = PBXFileReference; includeInIndex = 1; lastKnownFileType = text.xcconfig; name = "Pods-MovieApi.release.xcconfig"; path = "Target Support Files/Pods-MovieApi/Pods-MovieApi.release.xcconfig"; sourceTree = "<group>"; };
		43CA7695B447955D787D639D /* Pods-MovieApiTests.debug.xcconfig */ = {isa = PBXFileReference; includeInIndex = 1; lastKnownFileType = text.xcconfig; name = "Pods-MovieApiTests.debug.xcconfig"; path = "Target Support Files/Pods-MovieApiTests/Pods-MovieApiTests.debug.xcconfig"; sourceTree = "<group>"; };
		58667B388BC72CB2CA56272A /* Pods_MovieApi.framework */ = {isa = PBXFileReference; explicitFileType = wrapper.framework; includeInIndex = 0; path = Pods_MovieApi.framework; sourceTree = BUILT_PRODUCTS_DIR; };
		5AE4EBF683348199FA7462B9 /* Pods-MovieApiTests.release.xcconfig */ = {isa = PBXFileReference; includeInIndex = 1; lastKnownFileType = text.xcconfig; name = "Pods-MovieApiTests.release.xcconfig"; path = "Target Support Files/Pods-MovieApiTests/Pods-MovieApiTests.release.xcconfig"; sourceTree = "<group>"; };
		6D8EFEEB95C5BC247CF89F20 /* Pods-MovieApi-MovieApiUITests.release.xcconfig */ = {isa = PBXFileReference; includeInIndex = 1; lastKnownFileType = text.xcconfig; name = "Pods-MovieApi-MovieApiUITests.release.xcconfig"; path = "Target Support Files/Pods-MovieApi-MovieApiUITests/Pods-MovieApi-MovieApiUITests.release.xcconfig"; sourceTree = "<group>"; };
		8EDBCCDB712A440898EF539A /* Pods_MovieApi_MovieApiUITests.framework */ = {isa = PBXFileReference; explicitFileType = wrapper.framework; includeInIndex = 0; path = Pods_MovieApi_MovieApiUITests.framework; sourceTree = BUILT_PRODUCTS_DIR; };
		927CB3EDCB3A299CD1BB8FB5 /* Pods_MovieApiTests.framework */ = {isa = PBXFileReference; explicitFileType = wrapper.framework; includeInIndex = 0; path = Pods_MovieApiTests.framework; sourceTree = BUILT_PRODUCTS_DIR; };
		AE9D4BABE97AD459E9ACDFE5 /* Pods-MovieApi-MovieApiUITests.debug.xcconfig */ = {isa = PBXFileReference; includeInIndex = 1; lastKnownFileType = text.xcconfig; name = "Pods-MovieApi-MovieApiUITests.debug.xcconfig"; path = "Target Support Files/Pods-MovieApi-MovieApiUITests/Pods-MovieApi-MovieApiUITests.debug.xcconfig"; sourceTree = "<group>"; };
		CC33261C276F550C0057202C /* MovieFeed.swift */ = {isa = PBXFileReference; lastKnownFileType = sourcecode.swift; path = MovieFeed.swift; sourceTree = "<group>"; };
		CC3326AB277066B90057202C /* MovieCollectionViewCell.swift */ = {isa = PBXFileReference; lastKnownFileType = sourcecode.swift; path = MovieCollectionViewCell.swift; sourceTree = "<group>"; };
		CC3326AE277075E80057202C /* FilmViewController.swift */ = {isa = PBXFileReference; lastKnownFileType = sourcecode.swift; path = FilmViewController.swift; sourceTree = "<group>"; };
		CC3326B0277076530057202C /* FilmDelegate.swift */ = {isa = PBXFileReference; lastKnownFileType = sourcecode.swift; path = FilmDelegate.swift; sourceTree = "<group>"; };
		CC4B1C4C276F47EA008415DB /* MovieApi.app */ = {isa = PBXFileReference; explicitFileType = wrapper.application; includeInIndex = 0; path = MovieApi.app; sourceTree = BUILT_PRODUCTS_DIR; };
		CC4B1C4F276F47EA008415DB /* AppDelegate.swift */ = {isa = PBXFileReference; lastKnownFileType = sourcecode.swift; path = AppDelegate.swift; sourceTree = "<group>"; };
		CC4B1C51276F47EA008415DB /* SceneDelegate.swift */ = {isa = PBXFileReference; lastKnownFileType = sourcecode.swift; path = SceneDelegate.swift; sourceTree = "<group>"; };
		CC4B1C53276F47EA008415DB /* ViewController.swift */ = {isa = PBXFileReference; lastKnownFileType = sourcecode.swift; path = ViewController.swift; sourceTree = "<group>"; };
		CC4B1C56276F47EA008415DB /* Base */ = {isa = PBXFileReference; lastKnownFileType = file.storyboard; name = Base; path = Base.lproj/Main.storyboard; sourceTree = "<group>"; };
		CC4B1C59276F47EA008415DB /* MovieApi.xcdatamodel */ = {isa = PBXFileReference; lastKnownFileType = wrapper.xcdatamodel; path = MovieApi.xcdatamodel; sourceTree = "<group>"; };
		CC4B1C5B276F47ED008415DB /* Assets.xcassets */ = {isa = PBXFileReference; lastKnownFileType = folder.assetcatalog; path = Assets.xcassets; sourceTree = "<group>"; };
		CC4B1C5E276F47ED008415DB /* Base */ = {isa = PBXFileReference; lastKnownFileType = file.storyboard; name = Base; path = Base.lproj/LaunchScreen.storyboard; sourceTree = "<group>"; };
		CC4B1C60276F47ED008415DB /* Info.plist */ = {isa = PBXFileReference; lastKnownFileType = text.plist.xml; path = Info.plist; sourceTree = "<group>"; };
		CC4B1C65276F47ED008415DB /* MovieApiTests.xctest */ = {isa = PBXFileReference; explicitFileType = wrapper.cfbundle; includeInIndex = 0; path = MovieApiTests.xctest; sourceTree = BUILT_PRODUCTS_DIR; };
		CC4B1C69276F47ED008415DB /* MovieApiTests.swift */ = {isa = PBXFileReference; lastKnownFileType = sourcecode.swift; path = MovieApiTests.swift; sourceTree = "<group>"; };
		CC4B1C6F276F47ED008415DB /* MovieApiUITests.xctest */ = {isa = PBXFileReference; explicitFileType = wrapper.cfbundle; includeInIndex = 0; path = MovieApiUITests.xctest; sourceTree = BUILT_PRODUCTS_DIR; };
		CC4B1C73276F47ED008415DB /* MovieApiUITests.swift */ = {isa = PBXFileReference; lastKnownFileType = sourcecode.swift; path = MovieApiUITests.swift; sourceTree = "<group>"; };
		CC4B1C75276F47ED008415DB /* MovieApiUITestsLaunchTests.swift */ = {isa = PBXFileReference; lastKnownFileType = sourcecode.swift; path = MovieApiUITestsLaunchTests.swift; sourceTree = "<group>"; };
/* End PBXFileReference section */

/* Begin PBXFrameworksBuildPhase section */
		CC4B1C49276F47EA008415DB /* Frameworks */ = {
			isa = PBXFrameworksBuildPhase;
			buildActionMask = 2147483647;
			files = (
				3A67DA75D62A9071718EA456 /* Pods_MovieApi.framework in Frameworks */,
			);
			runOnlyForDeploymentPostprocessing = 0;
		};
		CC4B1C62276F47ED008415DB /* Frameworks */ = {
			isa = PBXFrameworksBuildPhase;
			buildActionMask = 2147483647;
			files = (
				2ED060D5398D84C868B20B73 /* Pods_MovieApiTests.framework in Frameworks */,
			);
			runOnlyForDeploymentPostprocessing = 0;
		};
		CC4B1C6C276F47ED008415DB /* Frameworks */ = {
			isa = PBXFrameworksBuildPhase;
			buildActionMask = 2147483647;
			files = (
				0F9415C88D51F1BC72149B02 /* Pods_MovieApi_MovieApiUITests.framework in Frameworks */,
			);
			runOnlyForDeploymentPostprocessing = 0;
		};
/* End PBXFrameworksBuildPhase section */

/* Begin PBXGroup section */
		2A6ED9D1F893EDF42F3BDDFF /* Frameworks */ = {
			isa = PBXGroup;
			children = (
				58667B388BC72CB2CA56272A /* Pods_MovieApi.framework */,
				8EDBCCDB712A440898EF539A /* Pods_MovieApi_MovieApiUITests.framework */,
				927CB3EDCB3A299CD1BB8FB5 /* Pods_MovieApiTests.framework */,
			);
			name = Frameworks;
			sourceTree = "<group>";
		};
		6B7B2C5ADBD3A3C8A532F829 /* Pods */ = {
			isa = PBXGroup;
			children = (
				1ED415023CDB60F44EB6BD87 /* Pods-MovieApi.debug.xcconfig */,
				42071F4AB5CA086DFFB966AD /* Pods-MovieApi.release.xcconfig */,
				AE9D4BABE97AD459E9ACDFE5 /* Pods-MovieApi-MovieApiUITests.debug.xcconfig */,
				6D8EFEEB95C5BC247CF89F20 /* Pods-MovieApi-MovieApiUITests.release.xcconfig */,
				43CA7695B447955D787D639D /* Pods-MovieApiTests.debug.xcconfig */,
				5AE4EBF683348199FA7462B9 /* Pods-MovieApiTests.release.xcconfig */,
			);
			path = Pods;
			sourceTree = "<group>";
		};
		CC33261B276F54F50057202C /* model */ = {
			isa = PBXGroup;
			children = (
				CC3326B0277076530057202C /* FilmDelegate.swift */,
				CC33261C276F550C0057202C /* MovieFeed.swift */,
				CC3326AB277066B90057202C /* MovieCollectionViewCell.swift */,
			);
			path = model;
			sourceTree = "<group>";
		};
		CC3326AD277075BC0057202C /* controllers */ = {
			isa = PBXGroup;
			children = (
				CC4B1C53276F47EA008415DB /* ViewController.swift */,
				CC3326AE277075E80057202C /* FilmViewController.swift */,
			);
			path = controllers;
			sourceTree = "<group>";
		};
		CC4B1C43276F47EA008415DB = {
			isa = PBXGroup;
			children = (
				CC4B1C4E276F47EA008415DB /* MovieApi */,
				CC4B1C68276F47ED008415DB /* MovieApiTests */,
				CC4B1C72276F47ED008415DB /* MovieApiUITests */,
				CC4B1C4D276F47EA008415DB /* Products */,
				6B7B2C5ADBD3A3C8A532F829 /* Pods */,
				2A6ED9D1F893EDF42F3BDDFF /* Frameworks */,
			);
			sourceTree = "<group>";
		};
		CC4B1C4D276F47EA008415DB /* Products */ = {
			isa = PBXGroup;
			children = (
				CC4B1C4C276F47EA008415DB /* MovieApi.app */,
				CC4B1C65276F47ED008415DB /* MovieApiTests.xctest */,
				CC4B1C6F276F47ED008415DB /* MovieApiUITests.xctest */,
			);
			name = Products;
			sourceTree = "<group>";
		};
		CC4B1C4E276F47EA008415DB /* MovieApi */ = {
			isa = PBXGroup;
			children = (
				CC3326AD277075BC0057202C /* controllers */,
				CC33261B276F54F50057202C /* model */,
				CC4B1C4F276F47EA008415DB /* AppDelegate.swift */,
				CC4B1C51276F47EA008415DB /* SceneDelegate.swift */,
				CC4B1C55276F47EA008415DB /* Main.storyboard */,
				CC4B1C5B276F47ED008415DB /* Assets.xcassets */,
				CC4B1C5D276F47ED008415DB /* LaunchScreen.storyboard */,
				CC4B1C60276F47ED008415DB /* Info.plist */,
				CC4B1C58276F47EA008415DB /* MovieApi.xcdatamodeld */,
			);
			path = MovieApi;
			sourceTree = "<group>";
		};
		CC4B1C68276F47ED008415DB /* MovieApiTests */ = {
			isa = PBXGroup;
			children = (
				CC4B1C69276F47ED008415DB /* MovieApiTests.swift */,
			);
			path = MovieApiTests;
			sourceTree = "<group>";
		};
		CC4B1C72276F47ED008415DB /* MovieApiUITests */ = {
			isa = PBXGroup;
			children = (
				CC4B1C73276F47ED008415DB /* MovieApiUITests.swift */,
				CC4B1C75276F47ED008415DB /* MovieApiUITestsLaunchTests.swift */,
			);
			path = MovieApiUITests;
			sourceTree = "<group>";
		};
/* End PBXGroup section */

/* Begin PBXNativeTarget section */
		CC4B1C4B276F47EA008415DB /* MovieApi */ = {
			isa = PBXNativeTarget;
			buildConfigurationList = CC4B1C79276F47ED008415DB /* Build configuration list for PBXNativeTarget "MovieApi" */;
			buildPhases = (
				054485C7A0D1FDE399EC24FE /* [CP] Check Pods Manifest.lock */,
				CC4B1C48276F47EA008415DB /* Sources */,
				CC4B1C49276F47EA008415DB /* Frameworks */,
				CC4B1C4A276F47EA008415DB /* Resources */,
				356129BB5467EF5DDB9B8DD4 /* [CP] Embed Pods Frameworks */,
			);
			buildRules = (
			);
			dependencies = (
			);
			name = MovieApi;
			productName = MovieApi;
			productReference = CC4B1C4C276F47EA008415DB /* MovieApi.app */;
			productType = "com.apple.product-type.application";
		};
		CC4B1C64276F47ED008415DB /* MovieApiTests */ = {
			isa = PBXNativeTarget;
			buildConfigurationList = CC4B1C7C276F47ED008415DB /* Build configuration list for PBXNativeTarget "MovieApiTests" */;
			buildPhases = (
				18428CA28827C99E89AC234E /* [CP] Check Pods Manifest.lock */,
				CC4B1C61276F47ED008415DB /* Sources */,
				CC4B1C62276F47ED008415DB /* Frameworks */,
				CC4B1C63276F47ED008415DB /* Resources */,
			);
			buildRules = (
			);
			dependencies = (
				CC4B1C67276F47ED008415DB /* PBXTargetDependency */,
			);
			name = MovieApiTests;
			productName = MovieApiTests;
			productReference = CC4B1C65276F47ED008415DB /* MovieApiTests.xctest */;
			productType = "com.apple.product-type.bundle.unit-test";
		};
		CC4B1C6E276F47ED008415DB /* MovieApiUITests */ = {
			isa = PBXNativeTarget;
			buildConfigurationList = CC4B1C7F276F47ED008415DB /* Build configuration list for PBXNativeTarget "MovieApiUITests" */;
			buildPhases = (
				944FFF9FEC631ED9686EFC40 /* [CP] Check Pods Manifest.lock */,
				CC4B1C6B276F47ED008415DB /* Sources */,
				CC4B1C6C276F47ED008415DB /* Frameworks */,
				CC4B1C6D276F47ED008415DB /* Resources */,
				2759D63327D56579B06B8420 /* [CP] Embed Pods Frameworks */,
			);
			buildRules = (
			);
			dependencies = (
				CC4B1C71276F47ED008415DB /* PBXTargetDependency */,
			);
			name = MovieApiUITests;
			productName = MovieApiUITests;
			productReference = CC4B1C6F276F47ED008415DB /* MovieApiUITests.xctest */;
			productType = "com.apple.product-type.bundle.ui-testing";
		};
/* End PBXNativeTarget section */

/* Begin PBXProject section */
		CC4B1C44276F47EA008415DB /* Project object */ = {
			isa = PBXProject;
			attributes = {
				BuildIndependentTargetsInParallel = 1;
				LastSwiftUpdateCheck = 1320;
				LastUpgradeCheck = 1320;
				TargetAttributes = {
					CC4B1C4B276F47EA008415DB = {
						CreatedOnToolsVersion = 13.2;
					};
					CC4B1C64276F47ED008415DB = {
						CreatedOnToolsVersion = 13.2;
						TestTargetID = CC4B1C4B276F47EA008415DB;
					};
					CC4B1C6E276F47ED008415DB = {
						CreatedOnToolsVersion = 13.2;
						TestTargetID = CC4B1C4B276F47EA008415DB;
					};
				};
			};
			buildConfigurationList = CC4B1C47276F47EA008415DB /* Build configuration list for PBXProject "MovieApi" */;
			compatibilityVersion = "Xcode 13.0";
			developmentRegion = en;
			hasScannedForEncodings = 0;
			knownRegions = (
				en,
				Base,
			);
			mainGroup = CC4B1C43276F47EA008415DB;
			productRefGroup = CC4B1C4D276F47EA008415DB /* Products */;
			projectDirPath = "";
			projectRoot = "";
			targets = (
				CC4B1C4B276F47EA008415DB /* MovieApi */,
				CC4B1C64276F47ED008415DB /* MovieApiTests */,
				CC4B1C6E276F47ED008415DB /* MovieApiUITests */,
			);
		};
/* End PBXProject section */

/* Begin PBXResourcesBuildPhase section */
		CC4B1C4A276F47EA008415DB /* Resources */ = {
			isa = PBXResourcesBuildPhase;
			buildActionMask = 2147483647;
			files = (
				CC4B1C5F276F47ED008415DB /* LaunchScreen.storyboard in Resources */,
				CC4B1C5C276F47ED008415DB /* Assets.xcassets in Resources */,
				CC4B1C57276F47EA008415DB /* Main.storyboard in Resources */,
			);
			runOnlyForDeploymentPostprocessing = 0;
		};
		CC4B1C63276F47ED008415DB /* Resources */ = {
			isa = PBXResourcesBuildPhase;
			buildActionMask = 2147483647;
			files = (
			);
			runOnlyForDeploymentPostprocessing = 0;
		};
		CC4B1C6D276F47ED008415DB /* Resources */ = {
			isa = PBXResourcesBuildPhase;
			buildActionMask = 2147483647;
			files = (
			);
			runOnlyForDeploymentPostprocessing = 0;
		};
/* End PBXResourcesBuildPhase section */

/* Begin PBXShellScriptBuildPhase section */
		054485C7A0D1FDE399EC24FE /* [CP] Check Pods Manifest.lock */ = {
			isa = PBXShellScriptBuildPhase;
			buildActionMask = 2147483647;
			files = (
			);
			inputFileListPaths = (
			);
			inputPaths = (
				"${PODS_PODFILE_DIR_PATH}/Podfile.lock",
				"${PODS_ROOT}/Manifest.lock",
			);
			name = "[CP] Check Pods Manifest.lock";
			outputFileListPaths = (
			);
			outputPaths = (
				"$(DERIVED_FILE_DIR)/Pods-MovieApi-checkManifestLockResult.txt",
			);
			runOnlyForDeploymentPostprocessing = 0;
			shellPath = /bin/sh;
			shellScript = "diff \"${PODS_PODFILE_DIR_PATH}/Podfile.lock\" \"${PODS_ROOT}/Manifest.lock\" > /dev/null\nif [ $? != 0 ] ; then\n    # print error to STDERR\n    echo \"error: The sandbox is not in sync with the Podfile.lock. Run 'pod install' or update your CocoaPods installation.\" >&2\n    exit 1\nfi\n# This output is used by Xcode 'outputs' to avoid re-running this script phase.\necho \"SUCCESS\" > \"${SCRIPT_OUTPUT_FILE_0}\"\n";
			showEnvVarsInLog = 0;
		};
		18428CA28827C99E89AC234E /* [CP] Check Pods Manifest.lock */ = {
			isa = PBXShellScriptBuildPhase;
			buildActionMask = 2147483647;
			files = (
			);
			inputFileListPaths = (
			);
			inputPaths = (
				"${PODS_PODFILE_DIR_PATH}/Podfile.lock",
				"${PODS_ROOT}/Manifest.lock",
			);
			name = "[CP] Check Pods Manifest.lock";
			outputFileListPaths = (
			);
			outputPaths = (
				"$(DERIVED_FILE_DIR)/Pods-MovieApiTests-checkManifestLockResult.txt",
			);
			runOnlyForDeploymentPostprocessing = 0;
			shellPath = /bin/sh;
			shellScript = "diff \"${PODS_PODFILE_DIR_PATH}/Podfile.lock\" \"${PODS_ROOT}/Manifest.lock\" > /dev/null\nif [ $? != 0 ] ; then\n    # print error to STDERR\n    echo \"error: The sandbox is not in sync with the Podfile.lock. Run 'pod install' or update your CocoaPods installation.\" >&2\n    exit 1\nfi\n# This output is used by Xcode 'outputs' to avoid re-running this script phase.\necho \"SUCCESS\" > \"${SCRIPT_OUTPUT_FILE_0}\"\n";
			showEnvVarsInLog = 0;
		};
		2759D63327D56579B06B8420 /* [CP] Embed Pods Frameworks */ = {
			isa = PBXShellScriptBuildPhase;
			buildActionMask = 2147483647;
			files = (
			);
			inputFileListPaths = (
				"${PODS_ROOT}/Target Support Files/Pods-MovieApi-MovieApiUITests/Pods-MovieApi-MovieApiUITests-frameworks-${CONFIGURATION}-input-files.xcfilelist",
			);
			name = "[CP] Embed Pods Frameworks";
			outputFileListPaths = (
				"${PODS_ROOT}/Target Support Files/Pods-MovieApi-MovieApiUITests/Pods-MovieApi-MovieApiUITests-frameworks-${CONFIGURATION}-output-files.xcfilelist",
			);
			runOnlyForDeploymentPostprocessing = 0;
			shellPath = /bin/sh;
			shellScript = "\"${PODS_ROOT}/Target Support Files/Pods-MovieApi-MovieApiUITests/Pods-MovieApi-MovieApiUITests-frameworks.sh\"\n";
			showEnvVarsInLog = 0;
		};
		356129BB5467EF5DDB9B8DD4 /* [CP] Embed Pods Frameworks */ = {
			isa = PBXShellScriptBuildPhase;
			buildActionMask = 2147483647;
			files = (
			);
			inputFileListPaths = (
				"${PODS_ROOT}/Target Support Files/Pods-MovieApi/Pods-MovieApi-frameworks-${CONFIGURATION}-input-files.xcfilelist",
			);
			name = "[CP] Embed Pods Frameworks";
			outputFileListPaths = (
				"${PODS_ROOT}/Target Support Files/Pods-MovieApi/Pods-MovieApi-frameworks-${CONFIGURATION}-output-files.xcfilelist",
			);
			runOnlyForDeploymentPostprocessing = 0;
			shellPath = /bin/sh;
			shellScript = "\"${PODS_ROOT}/Target Support Files/Pods-MovieApi/Pods-MovieApi-frameworks.sh\"\n";
			showEnvVarsInLog = 0;
		};
		944FFF9FEC631ED9686EFC40 /* [CP] Check Pods Manifest.lock */ = {
			isa = PBXShellScriptBuildPhase;
			buildActionMask = 2147483647;
			files = (
			);
			inputFileListPaths = (
			);
			inputPaths = (
				"${PODS_PODFILE_DIR_PATH}/Podfile.lock",
				"${PODS_ROOT}/Manifest.lock",
			);
			name = "[CP] Check Pods Manifest.lock";
			outputFileListPaths = (
			);
			outputPaths = (
				"$(DERIVED_FILE_DIR)/Pods-MovieApi-MovieApiUITests-checkManifestLockResult.txt",
			);
			runOnlyForDeploymentPostprocessing = 0;
			shellPath = /bin/sh;
			shellScript = "diff \"${PODS_PODFILE_DIR_PATH}/Podfile.lock\" \"${PODS_ROOT}/Manifest.lock\" > /dev/null\nif [ $? != 0 ] ; then\n    # print error to STDERR\n    echo \"error: The sandbox is not in sync with the Podfile.lock. Run 'pod install' or update your CocoaPods installation.\" >&2\n    exit 1\nfi\n# This output is used by Xcode 'outputs' to avoid re-running this script phase.\necho \"SUCCESS\" > \"${SCRIPT_OUTPUT_FILE_0}\"\n";
			showEnvVarsInLog = 0;
		};
/* End PBXShellScriptBuildPhase section */

/* Begin PBXSourcesBuildPhase section */
		CC4B1C48276F47EA008415DB /* Sources */ = {
			isa = PBXSourcesBuildPhase;
			buildActionMask = 2147483647;
			files = (
				CC3326B1277076530057202C /* FilmDelegate.swift in Sources */,
				CC4B1C54276F47EA008415DB /* ViewController.swift in Sources */,
				CC4B1C50276F47EA008415DB /* AppDelegate.swift in Sources */,
				CC4B1C52276F47EA008415DB /* SceneDelegate.swift in Sources */,
				CC3326AF277075E80057202C /* FilmViewController.swift in Sources */,
				CC3326AC277066B90057202C /* MovieCollectionViewCell.swift in Sources */,
				CC4B1C5A276F47EA008415DB /* MovieApi.xcdatamodeld in Sources */,
				CC33261D276F550C0057202C /* MovieFeed.swift in Sources */,
			);
			runOnlyForDeploymentPostprocessing = 0;
		};
		CC4B1C61276F47ED008415DB /* Sources */ = {
			isa = PBXSourcesBuildPhase;
			buildActionMask = 2147483647;
			files = (
				CC4B1C6A276F47ED008415DB /* MovieApiTests.swift in Sources */,
			);
			runOnlyForDeploymentPostprocessing = 0;
		};
		CC4B1C6B276F47ED008415DB /* Sources */ = {
			isa = PBXSourcesBuildPhase;
			buildActionMask = 2147483647;
			files = (
				CC4B1C76276F47ED008415DB /* MovieApiUITestsLaunchTests.swift in Sources */,
				CC4B1C74276F47ED008415DB /* MovieApiUITests.swift in Sources */,
			);
			runOnlyForDeploymentPostprocessing = 0;
		};
/* End PBXSourcesBuildPhase section */

/* Begin PBXTargetDependency section */
		CC4B1C67276F47ED008415DB /* PBXTargetDependency */ = {
			isa = PBXTargetDependency;
			target = CC4B1C4B276F47EA008415DB /* MovieApi */;
			targetProxy = CC4B1C66276F47ED008415DB /* PBXContainerItemProxy */;
		};
		CC4B1C71276F47ED008415DB /* PBXTargetDependency */ = {
			isa = PBXTargetDependency;
			target = CC4B1C4B276F47EA008415DB /* MovieApi */;
			targetProxy = CC4B1C70276F47ED008415DB /* PBXContainerItemProxy */;
		};
/* End PBXTargetDependency section */

/* Begin PBXVariantGroup section */
		CC4B1C55276F47EA008415DB /* Main.storyboard */ = {
			isa = PBXVariantGroup;
			children = (
				CC4B1C56276F47EA008415DB /* Base */,
			);
			name = Main.storyboard;
			sourceTree = "<group>";
		};
		CC4B1C5D276F47ED008415DB /* LaunchScreen.storyboard */ = {
			isa = PBXVariantGroup;
			children = (
				CC4B1C5E276F47ED008415DB /* Base */,
			);
			name = LaunchScreen.storyboard;
			sourceTree = "<group>";
		};
/* End PBXVariantGroup section */

/* Begin XCBuildConfiguration section */
		CC4B1C77276F47ED008415DB /* Debug */ = {
			isa = XCBuildConfiguration;
			buildSettings = {
				ALWAYS_SEARCH_USER_PATHS = NO;
				CLANG_ANALYZER_NONNULL = YES;
				CLANG_ANALYZER_NUMBER_OBJECT_CONVERSION = YES_AGGRESSIVE;
				CLANG_CXX_LANGUAGE_STANDARD = "gnu++17";
				CLANG_CXX_LIBRARY = "libc++";
				CLANG_ENABLE_MODULES = YES;
				CLANG_ENABLE_OBJC_ARC = YES;
				CLANG_ENABLE_OBJC_WEAK = YES;
				CLANG_WARN_BLOCK_CAPTURE_AUTORELEASING = YES;
				CLANG_WARN_BOOL_CONVERSION = YES;
				CLANG_WARN_COMMA = YES;
				CLANG_WARN_CONSTANT_CONVERSION = YES;
				CLANG_WARN_DEPRECATED_OBJC_IMPLEMENTATIONS = YES;
				CLANG_WARN_DIRECT_OBJC_ISA_USAGE = YES_ERROR;
				CLANG_WARN_DOCUMENTATION_COMMENTS = YES;
				CLANG_WARN_EMPTY_BODY = YES;
				CLANG_WARN_ENUM_CONVERSION = YES;
				CLANG_WARN_INFINITE_RECURSION = YES;
				CLANG_WARN_INT_CONVERSION = YES;
				CLANG_WARN_NON_LITERAL_NULL_CONVERSION = YES;
				CLANG_WARN_OBJC_IMPLICIT_RETAIN_SELF = YES;
				CLANG_WARN_OBJC_LITERAL_CONVERSION = YES;
				CLANG_WARN_OBJC_ROOT_CLASS = YES_ERROR;
				CLANG_WARN_QUOTED_INCLUDE_IN_FRAMEWORK_HEADER = YES;
				CLANG_WARN_RANGE_LOOP_ANALYSIS = YES;
				CLANG_WARN_STRICT_PROTOTYPES = YES;
				CLANG_WARN_SUSPICIOUS_MOVE = YES;
				CLANG_WARN_UNGUARDED_AVAILABILITY = YES_AGGRESSIVE;
				CLANG_WARN_UNREACHABLE_CODE = YES;
				CLANG_WARN__DUPLICATE_METHOD_MATCH = YES;
				COPY_PHASE_STRIP = NO;
				DEBUG_INFORMATION_FORMAT = dwarf;
				ENABLE_STRICT_OBJC_MSGSEND = YES;
				ENABLE_TESTABILITY = YES;
				GCC_C_LANGUAGE_STANDARD = gnu11;
				GCC_DYNAMIC_NO_PIC = NO;
				GCC_NO_COMMON_BLOCKS = YES;
				GCC_OPTIMIZATION_LEVEL = 0;
				GCC_PREPROCESSOR_DEFINITIONS = (
					"DEBUG=1",
					"$(inherited)",
				);
				GCC_WARN_64_TO_32_BIT_CONVERSION = YES;
				GCC_WARN_ABOUT_RETURN_TYPE = YES_ERROR;
				GCC_WARN_UNDECLARED_SELECTOR = YES;
				GCC_WARN_UNINITIALIZED_AUTOS = YES_AGGRESSIVE;
				GCC_WARN_UNUSED_FUNCTION = YES;
				GCC_WARN_UNUSED_VARIABLE = YES;
				IPHONEOS_DEPLOYMENT_TARGET = 15.2;
				MTL_ENABLE_DEBUG_INFO = INCLUDE_SOURCE;
				MTL_FAST_MATH = YES;
				ONLY_ACTIVE_ARCH = YES;
				SDKROOT = iphoneos;
				SWIFT_ACTIVE_COMPILATION_CONDITIONS = DEBUG;
				SWIFT_OPTIMIZATION_LEVEL = "-Onone";
				no = no;
			};
			name = Debug;
		};
		CC4B1C78276F47ED008415DB /* Release */ = {
			isa = XCBuildConfiguration;
			buildSettings = {
				ALWAYS_SEARCH_USER_PATHS = NO;
				CLANG_ANALYZER_NONNULL = YES;
				CLANG_ANALYZER_NUMBER_OBJECT_CONVERSION = YES_AGGRESSIVE;
				CLANG_CXX_LANGUAGE_STANDARD = "gnu++17";
				CLANG_CXX_LIBRARY = "libc++";
				CLANG_ENABLE_MODULES = YES;
				CLANG_ENABLE_OBJC_ARC = YES;
				CLANG_ENABLE_OBJC_WEAK = YES;
				CLANG_WARN_BLOCK_CAPTURE_AUTORELEASING = YES;
				CLANG_WARN_BOOL_CONVERSION = YES;
				CLANG_WARN_COMMA = YES;
				CLANG_WARN_CONSTANT_CONVERSION = YES;
				CLANG_WARN_DEPRECATED_OBJC_IMPLEMENTATIONS = YES;
				CLANG_WARN_DIRECT_OBJC_ISA_USAGE = YES_ERROR;
				CLANG_WARN_DOCUMENTATION_COMMENTS = YES;
				CLANG_WARN_EMPTY_BODY = YES;
				CLANG_WARN_ENUM_CONVERSION = YES;
				CLANG_WARN_INFINITE_RECURSION = YES;
				CLANG_WARN_INT_CONVERSION = YES;
				CLANG_WARN_NON_LITERAL_NULL_CONVERSION = YES;
				CLANG_WARN_OBJC_IMPLICIT_RETAIN_SELF = YES;
				CLANG_WARN_OBJC_LITERAL_CONVERSION = YES;
				CLANG_WARN_OBJC_ROOT_CLASS = YES_ERROR;
				CLANG_WARN_QUOTED_INCLUDE_IN_FRAMEWORK_HEADER = YES;
				CLANG_WARN_RANGE_LOOP_ANALYSIS = YES;
				CLANG_WARN_STRICT_PROTOTYPES = YES;
				CLANG_WARN_SUSPICIOUS_MOVE = YES;
				CLANG_WARN_UNGUARDED_AVAILABILITY = YES_AGGRESSIVE;
				CLANG_WARN_UNREACHABLE_CODE = YES;
				CLANG_WARN__DUPLICATE_METHOD_MATCH = YES;
				COPY_PHASE_STRIP = NO;
				DEBUG_INFORMATION_FORMAT = "dwarf-with-dsym";
				ENABLE_NS_ASSERTIONS = NO;
				ENABLE_STRICT_OBJC_MSGSEND = YES;
				GCC_C_LANGUAGE_STANDARD = gnu11;
				GCC_NO_COMMON_BLOCKS = YES;
				GCC_WARN_64_TO_32_BIT_CONVERSION = YES;
				GCC_WARN_ABOUT_RETURN_TYPE = YES_ERROR;
				GCC_WARN_UNDECLARED_SELECTOR = YES;
				GCC_WARN_UNINITIALIZED_AUTOS = YES_AGGRESSIVE;
				GCC_WARN_UNUSED_FUNCTION = YES;
				GCC_WARN_UNUSED_VARIABLE = YES;
				IPHONEOS_DEPLOYMENT_TARGET = 15.2;
				MTL_ENABLE_DEBUG_INFO = NO;
				MTL_FAST_MATH = YES;
				SDKROOT = iphoneos;
				SWIFT_COMPILATION_MODE = wholemodule;
				SWIFT_OPTIMIZATION_LEVEL = "-O";
				VALIDATE_PRODUCT = YES;
				no = no;
			};
			name = Release;
		};
		CC4B1C7A276F47ED008415DB /* Debug */ = {
			isa = XCBuildConfiguration;
			baseConfigurationReference = 1ED415023CDB60F44EB6BD87 /* Pods-MovieApi.debug.xcconfig */;
			buildSettings = {
				ASSETCATALOG_COMPILER_APPICON_NAME = AppIcon;
				ASSETCATALOG_COMPILER_GLOBAL_ACCENT_COLOR_NAME = AccentColor;
				CODE_SIGN_STYLE = Automatic;
				CURRENT_PROJECT_VERSION = 1;
				DEVELOPMENT_TEAM = YSX47LJT9G;
				GENERATE_INFOPLIST_FILE = YES;
				INFOPLIST_FILE = MovieApi/Info.plist;
				INFOPLIST_KEY_UIApplicationSupportsIndirectInputEvents = YES;
				INFOPLIST_KEY_UILaunchStoryboardName = LaunchScreen;
				INFOPLIST_KEY_UIMainStoryboardFile = Main;
				INFOPLIST_KEY_UISupportedInterfaceOrientations_iPad = "UIInterfaceOrientationPortrait UIInterfaceOrientationPortraitUpsideDown UIInterfaceOrientationLandscapeLeft UIInterfaceOrientationLandscapeRight";
				INFOPLIST_KEY_UISupportedInterfaceOrientations_iPhone = "UIInterfaceOrientationPortrait UIInterfaceOrientationLandscapeLeft UIInterfaceOrientationLandscapeRight";
				LD_RUNPATH_SEARCH_PATHS = (
					"$(inherited)",
					"@executable_path/Frameworks",
				);
				MARKETING_VERSION = 1.0;
				PRODUCT_BUNDLE_IDENTIFIER = wishStar.MovieApi;
				PRODUCT_NAME = "$(TARGET_NAME)";
				SWIFT_EMIT_LOC_STRINGS = YES;
				SWIFT_VERSION = 5.0;
				TARGETED_DEVICE_FAMILY = "1,2";
			};
			name = Debug;
		};
		CC4B1C7B276F47ED008415DB /* Release */ = {
			isa = XCBuildConfiguration;
			baseConfigurationReference = 42071F4AB5CA086DFFB966AD /* Pods-MovieApi.release.xcconfig */;
			buildSettings = {
				ASSETCATALOG_COMPILER_APPICON_NAME = AppIcon;
				ASSETCATALOG_COMPILER_GLOBAL_ACCENT_COLOR_NAME = AccentColor;
				CODE_SIGN_STYLE = Automatic;
				CURRENT_PROJECT_VERSION = 1;
				DEVELOPMENT_TEAM = YSX47LJT9G;
				GENERATE_INFOPLIST_FILE = YES;
				INFOPLIST_FILE = MovieApi/Info.plist;
				INFOPLIST_KEY_UIApplicationSupportsIndirectInputEvents = YES;
				INFOPLIST_KEY_UILaunchStoryboardName = LaunchScreen;
				INFOPLIST_KEY_UIMainStoryboardFile = Main;
				INFOPLIST_KEY_UISupportedInterfaceOrientations_iPad = "UIInterfaceOrientationPortrait UIInterfaceOrientationPortraitUpsideDown UIInterfaceOrientationLandscapeLeft UIInterfaceOrientationLandscapeRight";
				INFOPLIST_KEY_UISupportedInterfaceOrientations_iPhone = "UIInterfaceOrientationPortrait UIInterfaceOrientationLandscapeLeft UIInterfaceOrientationLandscapeRight";
				LD_RUNPATH_SEARCH_PATHS = (
					"$(inherited)",
					"@executable_path/Frameworks",
				);
				MARKETING_VERSION = 1.0;
				PRODUCT_BUNDLE_IDENTIFIER = wishStar.MovieApi;
				PRODUCT_NAME = "$(TARGET_NAME)";
				SWIFT_EMIT_LOC_STRINGS = YES;
				SWIFT_VERSION = 5.0;
				TARGETED_DEVICE_FAMILY = "1,2";
			};
			name = Release;
		};
		CC4B1C7D276F47ED008415DB /* Debug */ = {
			isa = XCBuildConfiguration;
			baseConfigurationReference = 43CA7695B447955D787D639D /* Pods-MovieApiTests.debug.xcconfig */;
			buildSettings = {
				ALWAYS_EMBED_SWIFT_STANDARD_LIBRARIES = YES;
				BUNDLE_LOADER = "$(TEST_HOST)";
				CODE_SIGN_STYLE = Automatic;
				CURRENT_PROJECT_VERSION = 1;
				DEVELOPMENT_TEAM = YSX47LJT9G;
				GENERATE_INFOPLIST_FILE = YES;
				IPHONEOS_DEPLOYMENT_TARGET = 15.2;
				MARKETING_VERSION = 1.0;
				PRODUCT_BUNDLE_IDENTIFIER = wishStar.MovieApiTests;
				PRODUCT_NAME = "$(TARGET_NAME)";
				SWIFT_EMIT_LOC_STRINGS = NO;
				SWIFT_VERSION = 5.0;
				TARGETED_DEVICE_FAMILY = "1,2";
				TEST_HOST = "$(BUILT_PRODUCTS_DIR)/MovieApi.app/MovieApi";
			};
			name = Debug;
		};
		CC4B1C7E276F47ED008415DB /* Release */ = {
			isa = XCBuildConfiguration;
			baseConfigurationReference = 5AE4EBF683348199FA7462B9 /* Pods-MovieApiTests.release.xcconfig */;
			buildSettings = {
				ALWAYS_EMBED_SWIFT_STANDARD_LIBRARIES = YES;
				BUNDLE_LOADER = "$(TEST_HOST)";
				CODE_SIGN_STYLE = Automatic;
				CURRENT_PROJECT_VERSION = 1;
				DEVELOPMENT_TEAM = YSX47LJT9G;
				GENERATE_INFOPLIST_FILE = YES;
				IPHONEOS_DEPLOYMENT_TARGET = 15.2;
				MARKETING_VERSION = 1.0;
				PRODUCT_BUNDLE_IDENTIFIER = wishStar.MovieApiTests;
				PRODUCT_NAME = "$(TARGET_NAME)";
				SWIFT_EMIT_LOC_STRINGS = NO;
				SWIFT_VERSION = 5.0;
				TARGETED_DEVICE_FAMILY = "1,2";
				TEST_HOST = "$(BUILT_PRODUCTS_DIR)/MovieApi.app/MovieApi";
			};
			name = Release;
		};
		CC4B1C80276F47ED008415DB /* Debug */ = {
			isa = XCBuildConfiguration;
			baseConfigurationReference = AE9D4BABE97AD459E9ACDFE5 /* Pods-MovieApi-MovieApiUITests.debug.xcconfig */;
			buildSettings = {
				ALWAYS_EMBED_SWIFT_STANDARD_LIBRARIES = YES;
				CODE_SIGN_STYLE = Automatic;
				CURRENT_PROJECT_VERSION = 1;
				DEVELOPMENT_TEAM = YSX47LJT9G;
				GENERATE_INFOPLIST_FILE = YES;
				MARKETING_VERSION = 1.0;
				PRODUCT_BUNDLE_IDENTIFIER = wishStar.MovieApiUITests;
				PRODUCT_NAME = "$(TARGET_NAME)";
				SWIFT_EMIT_LOC_STRINGS = NO;
				SWIFT_VERSION = 5.0;
				TARGETED_DEVICE_FAMILY = "1,2";
				TEST_TARGET_NAME = MovieApi;
			};
			name = Debug;
		};
		CC4B1C81276F47ED008415DB /* Release */ = {
			isa = XCBuildConfiguration;
			baseConfigurationReference = 6D8EFEEB95C5BC247CF89F20 /* Pods-MovieApi-MovieApiUITests.release.xcconfig */;
			buildSettings = {
				ALWAYS_EMBED_SWIFT_STANDARD_LIBRARIES = YES;
				CODE_SIGN_STYLE = Automatic;
				CURRENT_PROJECT_VERSION = 1;
				DEVELOPMENT_TEAM = YSX47LJT9G;
				GENERATE_INFOPLIST_FILE = YES;
				MARKETING_VERSION = 1.0;
				PRODUCT_BUNDLE_IDENTIFIER = wishStar.MovieApiUITests;
				PRODUCT_NAME = "$(TARGET_NAME)";
				SWIFT_EMIT_LOC_STRINGS = NO;
				SWIFT_VERSION = 5.0;
				TARGETED_DEVICE_FAMILY = "1,2";
				TEST_TARGET_NAME = MovieApi;
			};
			name = Release;
		};
/* End XCBuildConfiguration section */

/* Begin XCConfigurationList section */
		CC4B1C47276F47EA008415DB /* Build configuration list for PBXProject "MovieApi" */ = {
			isa = XCConfigurationList;
			buildConfigurations = (
				CC4B1C77276F47ED008415DB /* Debug */,
				CC4B1C78276F47ED008415DB /* Release */,
			);
			defaultConfigurationIsVisible = 0;
			defaultConfigurationName = Release;
		};
		CC4B1C79276F47ED008415DB /* Build configuration list for PBXNativeTarget "MovieApi" */ = {
			isa = XCConfigurationList;
			buildConfigurations = (
				CC4B1C7A276F47ED008415DB /* Debug */,
				CC4B1C7B276F47ED008415DB /* Release */,
			);
			defaultConfigurationIsVisible = 0;
			defaultConfigurationName = Release;
		};
		CC4B1C7C276F47ED008415DB /* Build configuration list for PBXNativeTarget "MovieApiTests" */ = {
			isa = XCConfigurationList;
			buildConfigurations = (
				CC4B1C7D276F47ED008415DB /* Debug */,
				CC4B1C7E276F47ED008415DB /* Release */,
			);
			defaultConfigurationIsVisible = 0;
			defaultConfigurationName = Release;
		};
		CC4B1C7F276F47ED008415DB /* Build configuration list for PBXNativeTarget "MovieApiUITests" */ = {
			isa = XCConfigurationList;
			buildConfigurations = (
				CC4B1C80276F47ED008415DB /* Debug */,
				CC4B1C81276F47ED008415DB /* Release */,
			);
			defaultConfigurationIsVisible = 0;
			defaultConfigurationName = Release;
		};
/* End XCConfigurationList section */

/* Begin XCVersionGroup section */
		CC4B1C58276F47EA008415DB /* MovieApi.xcdatamodeld */ = {
			isa = XCVersionGroup;
			children = (
				CC4B1C59276F47EA008415DB /* MovieApi.xcdatamodel */,
			);
			currentVersion = CC4B1C59276F47EA008415DB /* MovieApi.xcdatamodel */;
			path = MovieApi.xcdatamodeld;
			sourceTree = "<group>";
			versionGroupType = wrapper.xcdatamodel;
		};
/* End XCVersionGroup section */
	};
	rootObject = CC4B1C44276F47EA008415DB /* Project object */;
}
